{
  "format": 1,
  "algorithm": "sha256",
  "files": {
    ".agentic/application-profile.yaml": "cf67b838689e14a799a82ef599f3acdb9fc7a06d37acb725e085c44edd00cce7",
    ".github/workflows/pr.yml": "dc415a2798a10d934d3abe6bd16d7ab0962fd632613c737da5c661ec423a7363",
    ".github/workflows/release.yml": "e4e369b99d6e25c1e5c80b793fe1a793a9e674ee4b2188ebd447571780682619",
    ".kiro/specs/framework-governance-and-portability/EXECUTION.md": "5767924be6fe8cdbb9802e7e4193f8d16ce27421871bc56a01b38a7f75097c40",
    ".kiro/specs/framework-governance-and-portability/contract-review.md": "8521e2d409bae8a0d8b10e2fce4c90d15fba0a9c413dba8dad7919ec6a894b57",
    ".kiro/specs/framework-governance-and-portability/design.md": "46532b9e7e43ff7626bbedc1e040dbf6af1e343502b99b5242d52e31146cd056",
    ".kiro/specs/framework-governance-and-portability/discovery.md": "d9b40cdcab92dd01bea55918beff7ceb8e164a49b455471fa6a54f5d8ef0be77",
    ".kiro/specs/framework-governance-and-portability/execution-brief.md": "a3a0381107a3b529e35948609ed2b47034f7c82330c826ba5e82d5acc1a21d95",
    ".kiro/specs/framework-governance-and-portability/m3-archive-finalization-resume-02.mjs": "745a1848eb613a517b588311f7f016fcccad59f7c9c7208a98bd700d8519b8ab",
    ".kiro/specs/framework-governance-and-portability/m9-migration-manifest.json": "aaa7b26406fbd0c59255c5ef576a1ddcb75a0dfd85ae96bb6056270f72d67260",
    ".kiro/specs/framework-governance-and-portability/requirements.md": "fe83db42aa19de992ceb90291d5db4caa69fcbf35e315e9d1fc1692ff4598aa2",
    ".kiro/specs/framework-governance-and-portability/tasks.md": "3e18e3d22902bf96befa9440f354fd21690bb0828de4a9b69c9514db6b45797c",
    ".kiro/specs/framework-v3/design.md": "ac9c7dc17208b520d9a77c8291eea19d368ca070497e8662949f8b2b1279a4a4",
    ".kiro/specs/framework-v3/discovery.md": "d8ccdce63cd1bdf78ee53c1f3159c0ee06d67790fd0618d6fc49fb06b7b3eceb",
    ".kiro/specs/framework-v3/evidence/execution/round-01/EXECUTION.md": "20232df034d53dcc735edbfe50d8ecedd67494731500d46ef4d5c4a08cbf0acc",
    ".kiro/specs/framework-v3/evidence/validation/round-01/VALIDATION.md": "057e1909161aca0b93524a22b3db5fcd0a3208358752703b3648356c1fcf697d",
    ".kiro/specs/framework-v3/execution-brief.md": "e9fe0da8afb33eafd1593818694786fd154985907bf03f478d962598fc8839da",
    ".kiro/specs/framework-v3/requirements.md": "90c2aee94454c25fe1aeebc7582cbe2e203e63e2cae8356aa9da478316071867",
    ".kiro/specs/framework-v3/reviews/contract-review.md": "0f0372d6013088cdb21665e4205e5f58f461c62611dd2d55bb4969cf3548bbf6",
    ".kiro/specs/framework-v3/tasks.md": "b880d6f7f3c34530dee762bd0aa5c6378ed3caff0032cc2a17dcbd8e0e1f6698",
    ".kiro/specs/framework-v3-global-bootstrap-layout/corrections/round-02/correction-spec.md": "78c400a10c1f1c1746207a2ccc78d5a626af373bea7361cd174d8dd830c3c337",
    ".kiro/specs/framework-v3-global-bootstrap-layout/design.md": "391900d3f6e83ce3dfd74e110ab9646ddc5b509a7326911c59997e1c60f0c8f4",
    ".kiro/specs/framework-v3-global-bootstrap-layout/discovery.md": "7962ef844253f6f011c7b3ebe816b22f65066b1dfd892dc60b07a7a98b02b8c5",
    ".kiro/specs/framework-v3-global-bootstrap-layout/evidence/correction/round-02/EXECUTION.md": "1af2e53ba4d3c0d9e5b90f398d4a38c1062370ef3483691b179926ec10843724",
    ".kiro/specs/framework-v3-global-bootstrap-layout/evidence/execution/round-01/EXECUTION.md": "ff45fa06292c78485582e069c7444a30e54a20209026a79da068b80c91715620",
    ".kiro/specs/framework-v3-global-bootstrap-layout/evidence/revalidation/round-02/VALIDATION.md": "40b9af1d008896fc41dcdbe0be304dab25c66141affe2ff4857d094eed8a97db",
    ".kiro/specs/framework-v3-global-bootstrap-layout/evidence/validation/round-01/VALIDATION.md": "7df233af040f11bf38c6535bf5dfae8fba3ac294fbd7bc13f6e04b34151d5d93",
    ".kiro/specs/framework-v3-global-bootstrap-layout/evidence/validation/round-02/VALIDATION.md": "3053dca9711864a27bd0694707eeecde019c6e98799a66c08b558175b375ff1f",
    ".kiro/specs/framework-v3-global-bootstrap-layout/execution-brief.md": "45f4a7233507c8507245a8834921c48b01cb25a00ce8ec07fba27dc0198416a7",
    ".kiro/specs/framework-v3-global-bootstrap-layout/requirements.md": "3e2c2ac208023fd9ff5abd719498b25ddeb7a38dc67e869e0574a020938fb968",
    ".kiro/specs/framework-v3-global-bootstrap-layout/reviews/contract-review.md": "3d1a6ef03fdd8c7a7ab28048dabcf4d846f60c458435cfce1bf95d32999fbb6c",
    ".kiro/specs/framework-v3-global-bootstrap-layout/tasks.md": "11ffb190e43e1bf16e80a8ca25c05682878cf2aa0ca3f26dc9580fbe27f3cea6",
    "AGENTS.md": "97e6249adece8e205439847ebc03cd5c3fcaaca794ae33d75e0a26e2590e6d55",
    "PRIVATE-USE-LICENSE.md": "4815dd78995e7932384976be56bee61ea50227923b22c8a3742f8f5cdf6c15a6",
    "adapters/chatgpt/ProjectInstructions.md": "118e1180e6730bc18c02d0c04d4cdf2c8ca4e7a866854570706011cf2877b8dd",
    "adapters/chatgpt/adapter.yaml": "33cf97625a6a6fbdb4b760774ae51374ec66c4c442bedf4d7add6d8f8e2729fa",
    "adapters/chatgpt/response-profiles.yaml": "08e74711c429e6ac814a463d9f7469b846ed115e599c46700621c4d9d381c579",
    "adapters/claude/adapter.yaml": "60d3a2972644b1ebe59037618a71d9edbcf83922e4d98ca3e6687f11e394261a",
    "adapters/claude/model-map.yaml": "64c7b3a92a31147fd9998d7d96d5fb842bce231dbc2e189a86f4d490f36ecc4e",
    "adapters/codex/adapter.yaml": "5f2ef0b761a14be01381ec64fadea883022e3c426bf731c02913329d3a457078",
    "adapters/codex/model-map.yaml": "c1e539ca108ddc915cd8bb49a48b58517429e447f5e60f422b46cab519056fbb",
    "adapters/kiro/adapter.yaml": "c90fad1b93f5fbdc52d2ff27dafa54e17dd77e34ccee6679435ba91e285f9589",
    "adapters/kiro/compatibility-lifecycle.yaml": "e42f04e382c5e75dae9d945c10303d41b5c5105c1036576c9cb05f0e72654408",
    "adapters/kiro/distribution-manifest.yaml": "5910bbb988756ed98f9b023056bbcfe38765c878298d6e0605dab7fd1320be43",
    "adapters/kiro/generated/DiscoveryRouter.md": "ef4036ab95cedf83470f1ea7ce14c3cbadafaffa580afd6f6fb829467e704248",
    "adapters/kiro/generated/agentic-workflow.md": "f5c5ccafbf5671c8b25873e1107017cd3c1d5b953bed14ce9767bd7519f37987",
    "adapters/kiro/templates/agentic-workflow.md": "984f1839ebc6286d2ad9c02742d401562b1ce69ce911daaa9ae0c68f1bd63102",
    "adapters/lifecycle/node-filesystem.mjs": "37cf0fac1174dbbc9920a715bfeefd5b773e8d70e374a709da7c7b663682bbb2",
    "contracts/ArtifactContract.md": "71b9f233b95b8f8d426553b5508c5dc874f3217ab83f78cf0d27304144415327",
    "contracts/EvidenceAndFeedbackContract.md": "d799a36d10ae3a2d2ad181844e9b83c05735b40bc58a9d26aa4b8891499d6fa0",
    "contracts/migrations/project-update/catalog.yaml": "efb8bbd5fb4846f95afffecbb3de02e2f583c6c9a744bb61b9dad85baf745ff8",
    "contracts/migrations/project-update/fixtures/forward-expected.yaml": "fabb6f77083f95d2dcba482dfee357b78884af5c6858b16164425413aa028319",
    "contracts/migrations/project-update/fixtures/forward-input.yaml": "9772e304d24c88a2dd2c467b686a04a43453294556da6b101dab8f45a15024e0",
    "contracts/migrations/project-update/fixtures/rollback-context.yaml": "2d05f1308140dffdb843767aa74cf04ea0c5c81c7dfb08559c7996fb7766131f",
    "contracts/migrations/project-update/project-profile-v1-to-v2.yaml": "4fcdff6c665549dd7b63287049251dafbbe63f65187b4a8e73d0d11461d493df",
    "contracts/migrations/v1/artifact.yaml": "a35cc95109661369d692dac83faf424d4fdd48b10c8c4c091bb9ae5b4f221d41",
    "contracts/migrations/v1/backup.yaml": "534b4c982c7203f5ab211fe6e0bf9c79c003dc8c2d29e56bc8d18e62d9c0a627",
    "contracts/migrations/v1/distribution.yaml": "00cc410cf41fb3609280bcc11b6289487b4b4cfccb1a98edd14fc9c977a09419",
    "contracts/migrations/v1/journal.yaml": "b575f54a9d3c0bb18977868a64b43fdb9a594ceece9efd582f49ba433f8cf523",
    "contracts/migrations/v1/receipt.yaml": "3dae5dde477a512fb576946edbcae41637533929db42e9e0058531a29a59a124",
    "contracts/migrations/v1/release-manifest.yaml": "c2c65426ab9179c6c0069f2613ab5fac68f335709c0b9ef5b41dd4c148f75f20",
    "contracts/migrations/v1/transition.yaml": "0dddf05056d5a25de94069f10a036edf486ad15ff84dbbf4df89f1e657e185d3",
    "contracts/schemas/application-profile.override.schema.yaml": "ffc6dd514eeca7878a140bc973e3a6b18d102418397d49c79d9090a4804d956a",
    "contracts/schemas/application-profile.schema.yaml": "9eaed94187d70911dfa84e6d31a1c0b068b342299834d1f6926874fa86811669",
    "contracts/schemas/archive-provenance-manifest.schema.yaml": "c37db26bf9115a8d40424ac78ce7108b6f31fceeda9571184eff1a655e25d5d9",
    "contracts/schemas/artifact.schema.yaml": "0bc34c3a4d9ed8d07fb0e9c344c5f53465d34a63f25a752dde06e30cd080ba0f",
    "contracts/schemas/authorization-envelope.schema.yaml": "e4a1fbf475b5ec13693da57c2ef2bf18f4cdc2390ec193f90110ddccd3eef467",
    "contracts/schemas/ci-evidence-index.schema.yaml": "77ce5263f6f6789b9b4a0d8855b6728159f0d118bcdc4cc7efb981cb1fe8577f",
    "contracts/schemas/core/roles.schema.yaml": "0f8cb2f19486732ba78ff9bd19139e79fe887849f608f60f0be44b4a8bae8af3",
    "contracts/schemas/core/statuses.schema.yaml": "70f97424e43dac56d8bfb395f7c77ab496ff23025cea0f15e3d28900567f839f",
    "contracts/schemas/core/workflow.schema.yaml": "343b26e2c65a0374b8cbb755cb53c21ee85c30902f8ae379f6700eada90036d5",
    "contracts/schemas/design.schema.yaml": "787c2c38884507c189efbd892fb6094103e3a2c70f640e8389defe8d800fb70c",
    "contracts/schemas/distribution-backup-manifest.schema.yaml": "77eb3e78726b57f656d5dc5347f6b961401ab62425c607897ee0aa78303ce443",
    "contracts/schemas/distribution-manifest.schema.yaml": "7db965703af4119805edbd0eb319a9011e950d436b11b7153728ab0835ab7eb2",
    "contracts/schemas/dry-run-manifest.schema.yaml": "5488696e9c68b1fa7af8154719bfa6060bdd7866bf0f85af3bb3357028a5927a",
    "contracts/schemas/evidence-envelope.schema.yaml": "1489964f40b634a8eb11843be5c3de075e97a105c8b09fde8a1023f40d0fd869",
    "contracts/schemas/evidence-index.schema.yaml": "6f054752556056dbc990844ab6d0bc4ba9f61e1ea70f6550635b6844eacc3583",
    "contracts/schemas/evidence.schema.yaml": "6163e7755276e698279c942a09394ef86150d7622fa9d1036899d7bf9ff363b3",
    "contracts/schemas/execution-brief.schema.yaml": "9413448375c071c03e8e7bf1e9a313868b4cad975d961b84adf6a2112f571263",
    "contracts/schemas/execution-selection.schema.yaml": "c741633e104fdd687089bae7cd0e95168ed110ef826cb1eb3c20a96af9bbf0bb",
    "contracts/schemas/finding.schema.yaml": "4d760b07a839af2ca0effc4d27809cb5a4d80a9871a87c5d4c90a048d0bb8f96",
    "contracts/schemas/installation-journal.schema.yaml": "e7d12b262f5351b27b827f27e7296530e2006725df9137c9004b321fda5fbddc",
    "contracts/schemas/installation-receipt.schema.yaml": "1a8733f5630bc091e1e56809804fc387a08e6c93b9129f0131342b255be3c7f5",
    "contracts/schemas/installer-handoff.schema.yaml": "8a4cb66e8eba8a194ca6cfdcb42c5b5f5db0500f7a5f4ea349538c40dcba0f77",
    "contracts/schemas/lifecycle-cli-result.schema.yaml": "b492b9a9306c33fdf601ed6cbe79cc22fae246c3c8ba80dfd89396ee0516df67",
    "contracts/schemas/lifecycle-event-log.schema.yaml": "63f4884a68fa3108d17f3bc0cdf37224985f6c369b8231f939a77fc7fe817ce9",
    "contracts/schemas/operation-lock.schema.yaml": "0fd94b9d7b04a844d798c7789078be0239ff40e571c92c1881e88d8b5861c286",
    "contracts/schemas/operation-plan.schema.yaml": "5c74f96558cf6db68b839388c7413abcd6bb1b8126cb73d087e9f1e2b8f85bf6",
    "contracts/schemas/operation-tombstone.schema.yaml": "5f2cc0fbaf6ef120ca51e5e0b3cfac51005ae006498112e13d321ffede3626be",
    "contracts/schemas/platform-capability.schema.yaml": "65bbc8db66078472b5d32a4dc709a53b218752335a1a1aca5db09f6b049cd507",
    "contracts/schemas/project-update-authorization.schema.yaml": "c0188c7e2277a53255b30c6e829a8f0609f554d35ef1341a74c308b1a8c035db",
    "contracts/schemas/project-update-backup-manifest.schema.yaml": "868cf24f8313902236b33e7c472be99d6bb5c3caccb512b617a3a9577c1c6290",
    "contracts/schemas/project-update-checkpoint.schema.yaml": "6255aec375614a1e87b4c2234bc2ebae3a7ff8133112981947a00642eb12a42c",
    "contracts/schemas/project-update-journal.schema.yaml": "2e5c37a399ebb653379e6d98363c71fd0699dc87b4fa70a79e7cdf1a735c31f0",
    "contracts/schemas/project-update-manifest.schema.yaml": "8dccc061a9b9499c6acfa5b009bed761598c80f0d4576393fa05dfd828efc3e6",
    "contracts/schemas/project-update-migration.schema.yaml": "b69a9743fe75a75b172aa7c0c60be1d3bcfc957531c9185c4a872c0f0577b47d",
    "contracts/schemas/project-update-plan.schema.yaml": "59b47849c37fdbee186665cfc1f5f8dd2d33e366a1d4c7ea5090e39c0bb21918",
    "contracts/schemas/project-update-receipt.schema.yaml": "77ed0bd7e2a1cde1ff8076cbc1802866d5dd38b23801deecc7ee36aad2c32d79",
    "contracts/schemas/project-update-snapshot.schema.yaml": "a69fab62beeb6844a874d4ba870bf2dfeb6d649605594d9870c5534e4be59040",
    "contracts/schemas/release-asset-inventory.schema.yaml": "061645d514fb2c2406a3f003659eca79c60a8ff9b8b0b8e5e5e605b3f7bd30e9",
    "contracts/schemas/release-compensating-control.schema.yaml": "f978e549dc66f543585b99cff2f04c54caed4a949e1ddccd7691ba134f5bc21b",
    "contracts/schemas/release-immutability-decision.schema.yaml": "612e235c4dc6b3ee0a29dda00301ea6ea54133e61f99bde4fa804d6f9f1e6b6f",
    "contracts/schemas/release-key-event.schema.yaml": "1d0482289ed0fe3cece1fbcf3558a0dd95d34f0796d90790689d00da2fc8c5b3",
    "contracts/schemas/release-key-incident.schema.yaml": "ceb2d027ecc397d20d29c54b0e11ea1a22ef352e344d17b3754ac4ebd9336291",
    "contracts/schemas/release-manifest.schema.yaml": "5827ecb7c5e689d3b539e7bef835327c538d2f8e00de509d47eb8e35a68a5e44",
    "contracts/schemas/release-metadata.schema.yaml": "5e4b05ba3df19b06ca7c7852a949e87e94f47843a66073a9f7a195ac5da8c3b2",
    "contracts/schemas/release-sbom-reference.schema.yaml": "a34dff164a9f6c163f3496141e454cd8467a9bc77270485fdb935a4a08c96dda",
    "contracts/schemas/release-signature.schema.yaml": "2933d4a7227b8781c1e1c0fa944c77a3313152e2b718cfb732356ec3a3dcec41",
    "contracts/schemas/release-trust-store.schema.yaml": "e86c8901fa81d5faca9348e3bae1e103d9b09b56a88ac3193f113a8b1ab6bd7b",
    "contracts/schemas/requirements.schema.yaml": "056fb886c80929cba038a0e0f81a11207247a33a1390978bf7cd8e98c78d9b69",
    "contracts/schemas/review.schema.yaml": "d09bedf7d882f9a9ad034aebabcc08a1e07baf1aae7f21af0140d88981267a96",
    "contracts/schemas/tasks.schema.yaml": "d8ae29d4b38bfa6f3a6c7ac4d7283543917f9735a5da135495a60b017d4dc5d2",
    "contracts/schemas/transition-manifest.schema.yaml": "9b3bdf14a428265d8dc620fa22466b005e1d6bbf7e711de3eac8ba5d3eb4c3b6",
    "contracts/schemas/uninstall-manifest.schema.yaml": "f8c44f0c82c6c77a0d3453043ab1c0756aea583c6ba1208b2c92f6bd9e1df623",
    "contracts/schemas/validation-binding-contract.schema.yaml": "1f275da72cfac909eebaad9ab77bc7e0953fba509ce896aa5a87349e59ea2559",
    "contracts/templates/application-profile.override.yaml": "c8598d3cb8811c77b833a7963e7c738544e45b00f8fa1fe8928ab38f26edd1f5",
    "contracts/templates/application-profile.yaml": "59d7d167cd58886a6f1b8e171142f6df9cd4f40da1af9236e04c7c8e4b0b28bc",
    "contracts/templates/artifact.yaml": "862ee56048ae2120e363c00e0d10f5edcabee4e550902c1e1c380cf2179894df",
    "contracts/templates/authorization-envelope.yaml": "4664059fdd82fd501bd8f01f981b73b72da66fd55c98c20d81d367571c1c6df8",
    "contracts/templates/ci-evidence-index.yaml": "2aa9725a874ec2a0027527d57d2d4876419009ed46935ce64c5a01d08d386ff1",
    "contracts/templates/dry-run-manifest.yaml": "787dc348727115325fbaae23ee30515f71b678cf67c73d4cd9ce52bc0fda25bb",
    "contracts/templates/evidence-envelope.yaml": "1043b441e4a389e4640f000545f0de3815851dda0bbab4009aa347c387d10750",
    "contracts/templates/execution-selection.yaml": "1fbc11fe7308b2b4403d94584664281da7a9ab09665375c21066fe169fb8077f",
    "contracts/templates/finding.yaml": "ff7233bff933afbe6c1c9b463dd4e6b00eb264acdd732ee33509302bd393a0b4",
    "contracts/templates/installer-handoff.yaml": "bcae90f3771b8e7768d24eaa8b2c6a09823d4df5054690f85c86bdb4df7779e5",
    "contracts/templates/lifecycle-cli-result.yaml": "01676cec93133d90631107d6074009db3d05026db6654c7670d7a6b84374fae1",
    "contracts/templates/lifecycle-event-log.yaml": "6bff8708d7f7c45aae657d471de2bb9846a05c8cac18d64ddd9dc55c939f9ba5",
    "contracts/templates/project-update-authorization.yaml": "411c5e5560b5e7c7e5ca9658fab4d902671764e3212e7d002af98ac1ab3e465b",
    "contracts/templates/project-update-checkpoint.yaml": "764d049ab690347554dc2a8d558bb37747df47d0deceac8956e7ede3a418ccfa",
    "contracts/templates/release-asset-inventory.yaml": "9d19f436aa837ebdefa9da5e876f904fdbe5e118bc3980923fa05e3af28a8dd7",
    "contracts/templates/release-compensating-control.yaml": "46aa1d9c50f3f8be9bc1efad5fc74a4e31b87bf5b112aff9c4cec3faab569b26",
    "contracts/templates/release-immutability-decision.yaml": "9388cae75b04b7996fb36c0762f30e129c561116a28701cc8d8268e8fd8a0f21",
    "contracts/templates/release-key-event.yaml": "4cdccefc5bea6c0a80fb5995e2af0fffc3e07c97c140af7ca2fd926ee6261fae",
    "contracts/templates/release-key-incident.yaml": "95ce7822a759c0d1b708c834c99a1539b0734776eb23164caf29b554e050b6e3",
    "contracts/templates/release-manifest.yaml": "01e3e8c4a9507b306ac103e9e4326f342a28c12e18ceafdbf3b2f2588ec237af",
    "contracts/templates/release-metadata.yaml": "4fafeee368f295d2865723560c45b9e00682b4eb35ab4f0e16416cdcb54f3b29",
    "contracts/templates/release-sbom-reference.yaml": "8737bcda9a828ba4f5b88065ae06643d6229a5e159be6855c0bdd00d0714c38e",
    "contracts/templates/release-signature.yaml": "c1cf65df37ec0959fd346668c29806dd957e6ba730e79896af5dc236c30d931e",
    "contracts/templates/release-trust-store.yaml": "9895aba2124ecceeb2734bab1ab42eb1a94e0254390040fc8391f53ce55634d7",
    "contracts/templates/transition-manifest.yaml": "0d640db946fe4ada565397902172158a6c14a8ec03e2faf35fa5d84541c901e0",
    "contracts/validation-bindings.yaml": "d54175f09367557e949f9304f5c9ece07c607af0c0cbf2de0c3a171b32406639",
    "core/WorkflowRouter.md": "2a91204003d3cdbdda213c55cf7ed26b81f5e75f3c3ee62abf5d999e9279ad08",
    "core/roles.yaml": "572fc3053b6feebc4dfa4db6ece923b883887fb322b895a56b90789647b94c65",
    "core/statuses.yaml": "1ce69ac121c2e97374de991931f83bc1ab438eaf36a95090f2d7c6c19761d371",
    "core/workflow-core.md": "6ae220c7f7249c78c9161e8c6b7e134eab55a7b4a074ba387953c32a872307cc",
    "core/workflow.yaml": "6f4688426e8907ade3ff05d48a8bb315745bb612fc59260c33f7183c3f8636b7",
    "decisions/DEC-001-session-topology.md": "518ad0b4cf81d0ae34405785bd55ce030969e1bdd704f469c11351de5b2d1a66",
    "decisions/DEC-002-autopilot-default.md": "22d298b9051598f867e4cf6e79c5b6b7a9c22ab8d63d31176e7ff189db312e91",
    "decisions/DEC-003-role-mapping.md": "94e8f02c585370aa636726fd6cd42218aba7c94f20fc67039180f822c38aa4c0",
    "decisions/DEC-004-tool-neutral-core.md": "e2bfb143f21e531e6d26776e589fac5378483af1a27bb8f4678f17f85cddb81c",
    "examples/project/.agentic/application-profile.yaml": "59d7d167cd58886a6f1b8e171142f6df9cd4f40da1af9236e04c7c8e4b0b28bc",
    "examples/project/.agentic/specs/example-change/application-profile.override.yaml": "5b9401640d9eb08ee5fbca58dc14b8e79873d3a74a26702aae4102fe1ea3efba",
    "generated/reports/equivalence-v2.4-v3.0.md": "2c40a1ba38eed8fd8bf91ca38dda39f391b51c4b52835a007810962b31b1d0c2",
    "generated/reports/framework-governance-and-portability-traceability.md": "7aa35bd2100b6108055350f28aa7650b9b61ce49559b99be1c1544a0b42a8ef4",
    "generated/reports/handoff-metrics.json": "a9085f4631c1aaf7c648aca4a2c53e14d56b618fac59171c128410a937f96c54",
    "generated/reports/m5-compatibility.json": "c21c843dd794261e9224609cb6156e40a162265d086d2c1e1c0678cd84f76574",
    "generated/reports/m5-fault-injection.json": "c3200d5fa94239efc25d0ec16dc48330366f0ec77a7fbf3c1624ab7e5413cd79",
    "generated/reports/m5-journal-reconcile.json": "88c5895ce504ed1b9c8ed998d9192a724103106c65fb732de220abdd59426664",
    "generated/reports/m5-retention-consumption.json": "0e26badd6e4c475b1fe4aa3a36a67fd9633389d2912e0109d6e8268c4407a887",
    "generated/reports/m5-snapshot-divergence.json": "b8a1e0ed79eb479b47319d14710ed16ddfd2435ea64b7fcb2bd99b81ffd26874",
    "generated/reports/m6-project-update.json": "6fdde0232e25ad6bf0bb3e3af0b7bc20ff0857bedd5fa2835798e58d4fb865ac",
    "generated/reports/m7-installers.json": "70c9a0f5e966d41ddac34d3eed643178f9f3ec5995e7de3886f37a4a1c78b171",
    "generated/reports/m8-ci-release.json": "a6f074cf04d1d26cd955d5aa5900aa51d83576bff13346515f30421087c710cd",
    "generated/reports/requirement-traceability.md": "99cfe91c2834006cc7cba910a02933668ddfe5bd969601daac257128b6552854",
    "generated/skills/bug-fix.md": "96f1058bf7fb98768aa4cb98c4e8b14a1a96d960015f265c2cf9c8bdaf77cbad",
    "generated/skills/contract-review.md": "8558374c241d579dce4b1ed7f1f925261f0cbcf2a3628d7714b8268146228445",
    "generated/skills/correct-from-validation.md": "1a0d02cb9a2253f22a213354d75b17108c05cee7af6211363ebc40ef8aa81715",
    "generated/skills/delivery-closeout.md": "a1340e9c79951fbc1310ccb0ebff6b4146d8de65615ec2ef1e25883d16796c02",
    "generated/skills/execute-contract.md": "484a7ff8b22347624200983f69e7d1ea3de7ebf1f2eac0e4bd807bdecd64e869",
    "generated/skills/low-level-discovery.md": "c08d7200ef0ab5227a1d80b45a3331ce72ef3add79ed8a4970aaedd597edbb06",
    "generated/skills/quick-spec.md": "ca4caef3ae859a1f97a1213103d63b2692ae32df0ce15e68c19ad537a6e0726b",
    "generated/skills/spec.md": "c23dd5c6f8864f3e353937dc62e9178bbc533d31641783a24e83afe2a65b15cb",
    "generated/skills/validate-delivery.md": "58422b11feb06c565049eb45e1b8d028eb3da79c15b19efac077f00e0340ac12",
    "generated/skills/workflow-bootstrap.md": "f1ba94aa2387758e81f8b70c3d233468c62f182b6a9e275d4bf84ad504ba0806",
    "installers/install.ps1": "4b08bcb0e7ef9b79f8d790479f8b7bd1cc9e246eb89d8e7174e7626a37b7f579",
    "installers/install.sh": "2fe82eaffe32ecac29b3e61e570b25658e51e644147fb0a0631729bcd9a44129",
    "package-lock.json": "1c8015f63735373c54293fb57a354ac561e737383cbe30b03af167f6501272be",
    "package.json": "bd54ba37e610501bf6f43b6fece842d21f612b74607124f820bb22ed7adbe53e",
    "policies/CapabilitySelectionPolicy.md": "e98de855aeaf99a3c49e725082b73ed0d4ca5ddd8c8a1b3bb5475e212b8d038b",
    "policies/ContextPolicy.md": "8870b74f8ea15fd1d3b4ea1d99c6c7143288b4e1d45cbc7820dac98c253fe304",
    "policies/ExecutionEnvironmentPolicy.md": "88c8d7682b872dd5032fd438a88976afd89bd4b51806567fae02eeef408582b8",
    "policies/GitSafetyPolicy.md": "f113a8966abc2cdf0f62cb63e67f89dad5c7a8ffbfb1df6ecddc213f5ba4c1a6",
    "policies/HighRiskOverlay.md": "273b377cd25f5a934156234cdb4fab468703c5a25a380ed73f74f6dd6923cd8b",
    "policies/OperationalRetentionPolicy.md": "065e5279d9bb5caa0bb840f5e2a14621c6768b08149e189bcb495c8508464bc8",
    "policies/ReleaseSigningIncidentPolicy.md": "8410e687c44d9bedea6e96b5807704e104e2550b382e870d6977a202bb8481e0",
    "policies/SecureDevelopmentPolicy.md": "18639849a4f56f10d9e8e4627b7e0b2d589f19cc483b9a4973df366a93bcb8e6",
    "policies/application-profile-matrix.yaml": "45bbf0e324c91d5362e6f075ea9f2e3d16e72ce11e1df69a296394703456c8c5",
    "policies/dry-run-rules.yaml": "f298319e411bf02fff25cfc9f7674538944503a0ce9e3d046ab0a48311f71f24",
    "policies/ownership.yaml": "58df78f61191dc946de2df59f504de5ea0c0d7fb3a7036ef5aecccee788bad6f",
    "policies/security-outcomes.yaml": "061f23188e39c76eb8a8b98a8c2f83fef70722140b7c67403b6c7a8a64464588",
    "skills/bug-fix/SKILL.md": "343b59f0bb2d4c4f98d59161e55da54e56b44567829c2799b07ea1ae962f9150",
    "skills/bug-fix/references/causality.md": "f5d2c7a70df14426f24bee8d67c9863adc7ce3c7e1f0f02891d4a979f953db13",
    "skills/contract-review/SKILL.md": "eef8eb79fe6e0b0fd42f686aa90faca9c0ea4e09f2e2a8ee4bf997ba08095120",
    "skills/contract-review/references/ledger.md": "7aa8cb0aae63959c67a26f89bae471022764f6f7c47bc053f6a558fe74527031",
    "skills/correct-from-validation/SKILL.md": "6017d1808b024aaf92c312b2a0810cd814a053e48ee46994890b1f921ce94281",
    "skills/correct-from-validation/references/correction.md": "4d3da66ac459cc612979b21748374b8dadf606cd56e8c2b7e427bd9228a0a57e",
    "skills/delivery-closeout/SKILL.md": "af19db8e3f32fb57882f356537593a952a821b1503805b2079ebaf66cb208512",
    "skills/delivery-closeout/references/remote.md": "6219a266569e9a019a4c70c91337535104950e2c8b6309ae96287cd418fe3819",
    "skills/execute-contract/SKILL.md": "2cdef0b9bbdbdb68a9b2c58177bf8b926f3e3bd386cbe6bd653e22df48d4d270",
    "skills/execute-contract/references/checkpoints.md": "83ad8718a4bcee4a545b18214bd6e3c2dcc4ecdb5a5e59aee29248d5271fe52c",
    "skills/low-level-discovery/SKILL.md": "401de17d0f03146befb77f891e8520d83e453cc582586c85b0c2ab05a4e06c4d",
    "skills/low-level-discovery/references/investigation.md": "5fd1c46b69eecd9480604d3a0db4bf9dee2859acdde78723ce5438656b133b18",
    "skills/quick-spec/SKILL.md": "dfdeaf97bf70b1149d737315be387ca4a554516f9ad780eb7f61a2dd4237b095",
    "skills/quick-spec/references/proportionality.md": "a6012528df247e839890964908fb201d08954902d289b161e038f17c15f94eae",
    "skills/spec/SKILL.md": "33785021836bfd8005635c8458fc8b6befca47b35b4faa59a7db09c21c1cd9aa",
    "skills/spec/references/architecture.md": "15ba3efe9e74642c7114adf00e7c05e41b7310fa94da416da3302680b0dd4e1a",
    "skills/validate-delivery/SKILL.md": "ee87519ec405acb831eaa279e8a0c3618f5389f4ce36668ce4d231b9da19b8e9",
    "skills/validate-delivery/references/evidence.md": "b8badc2d9ec4e345f104b37c79ae050a4767ef7a158310dfa43f3ef728347b9f",
    "skills/workflow-bootstrap/SKILL.md": "caede0f0f52ac0a71a65f1e3861424aaf9bd6a0832692e701e6e3dc4594a6d73",
    "skills/workflow-bootstrap/references/migration.md": "738dac99a6ccbd50ddc7f33f8748f5df14a26cda83fb3c7d01714e46505d6f4f",
    "tests/adapters/acc-015.test.mjs": "0bff2cb9ddddf75034c325340629283ebb5aa7d349bc950bf41db62086f72b43",
    "tests/adapters/adapters.test.mjs": "c696c6b3f5dee463c0bdaeb787f98949facdae59b01631165b1c5b4e027d88b3",
    "tests/adapters/snapshots/delta.json": "9b5803c564211900f484f18f2e8a361dcd85d90fe33bf39791bef72da4cc5848",
    "tests/adapters/snapshots/handoff.json": "418863ae963284d14c541a64d2305f964fb48159431abd5866828e4d83fb452c",
    "tests/adapters/snapshots/review.json": "fe872b66106db3156ddf2f17a28f7e37ff99243303191dfa9248881dade51ec3",
    "tests/archive/archive-local.test.mjs": "ddce99dd111f9e633d08e4c9c5783010eb3dedb348f75c6a3e30154e9e21329f",
    "tests/archive/archive-restore.test.mjs": "923195642a94642b65d8174600c2d24cca724285d177957e4cd39e020c7c75c0",
    "tests/ci/package-policy.test.mjs": "9440b236df00f64611ec65bc30c514fadd0e849584a4e56961fa15b080a84095",
    "tests/ci/release-gates.test.mjs": "5598e2801359b0cd608aa4f5747a1f60ce52692b9b9e14f5ca474a3e451a97de",
    "tests/ci/workflows.test.mjs": "0f48b309dadb36c2f3d021abe1db77122c52a01aa807994c69cf54363ee3c446",
    "tests/compatibility/compatibility.test.mjs": "fc5930e4522f16b6de84908a9c4eb87382fffdc06108a7455825a9c6fd138948",
    "tests/contracts/canonical-json.test.mjs": "96cd2e22e610f139aa2b224fbe798d863f722654ab5a268ab7e419dc037eca6c",
    "tests/contracts/contracts.test.mjs": "1b017d08f76ca1b079d94e96f5ea089709e676e8721b472dfb63933f25db267f",
    "tests/contracts/evidence-checks.test.mjs": "eb20503e433ccb45e2ae7a7910f9a3823a43586f4f69735681fd55ed7a39d305",
    "tests/contracts/m2-schemas.test.mjs": "79e26ebdb4c21f7fa4d681f0382293879dd17ccb691cab32db5b7c1b858898d9",
    "tests/contracts/migrations.test.mjs": "a12a19a219ce82e9c9c036d659a09b24f46bdc73dad0a84cdd180403efb326f7",
    "tests/contracts/source-lock.test.mjs": "360f23d3f1210b6ab52f0f28285d9d9745066fea9e0f860d03cf3e4a0e73f9e1",
    "tests/contracts/spec-traceability.test.mjs": "9d5d53ddce2b44bed0589e98656976c9f7d62b8a839b382de38ece6ff866be85",
    "tests/contracts/validation-bindings.test.mjs": "5057d3c7645499fc329343b61cc0c39549cfeb49c90244c5e36761385a1f3e58",
    "tests/distribution/bootstrap-flow.test.mjs": "df0a2ee1e7816c492347f4ec26dd8250a0d1082066bc7aa4677ad00c6dcc1a48",
    "tests/distribution/contracts.test.mjs": "72118183c3997f4b347e8ab277697b4611c2305c660143979c72ba379824155a",
    "tests/distribution/installation-apply.test.mjs": "a2df88ce964a3c063506dc096827e7f0b2e19b5e33e867d89ab4284e7607da02",
    "tests/distribution/installation-artifacts.test.mjs": "071ced9d51dc6da367cea4b52e08f8d10309943d65b6ad6386f728fedc369297",
    "tests/distribution/installation-recovery.test.mjs": "de84ad7fe68078debca5310b5f0dbac77d3bff902b87a81dd5ef82fcbe40958f",
    "tests/distribution/manifest.test.mjs": "34d01bb6844726f59a8357358e89b3b98303ceb860753d11a3ddbad37c28d205",
    "tests/distribution/planner.test.mjs": "338f2b865151f45bf9d5503bc897a29d50fb00997b71a5bd3aac609d5e4ef10a",
    "tests/distribution/snapshot.test.mjs": "2f933967ed239e0da1a1968a893296a9429ce9ef060b1e2cb5166a7b1d98845b",
    "tests/distribution/steering.test.mjs": "3498370650745cd86c9350022b658d0304a7a4c41472b870a98a4ac3d2b8c995",
    "tests/distribution/validator.test.mjs": "4b0cc746e5b3abddb25b286ab965439b7e7e9db0a0ccca6b51ac90b277e822a5",
    "tests/fixtures/evidence/br-002.json": "24b0863cbdd8eefa3cccbabb3c50607ae7bb4e55088f95c0557e2f895592951f",
    "tests/fixtures/evidence/br-004.json": "9ffea2def2c939f9ad71e2d1a016cb28f086345bcc0898b94fd9883430962c61",
    "tests/fixtures/migrations/artifact.expected.json": "bb9dfc234a822c58605846f00e91bb413e888642ee110e3d9c54cb3a83051bcc",
    "tests/fixtures/migrations/artifact.legacy.json": "53aa39dc9cb22fe01af75e38b517829a8507982c963b7265670fdc8c2199ee33",
    "tests/fixtures/migrations/backup.expected.json": "17fa875a5e70b8928e0ee04611c55b8584ceb81aae624407ddfdf8531f2bdc4f",
    "tests/fixtures/migrations/backup.legacy.json": "453397c20f477b45d31d10bacd9d8a1435573be6cb63c727d9e95a60ff223d2f",
    "tests/fixtures/migrations/distribution.expected.json": "01d3d9eceef9df1db6ffaba76444bcc531485a8b31417ef59b76d281728bdbde",
    "tests/fixtures/migrations/distribution.legacy.json": "7ca8bccc83692b131ec01ca0222ead6c38c3388a55abc192570895bc0dc77683",
    "tests/fixtures/migrations/journal.expected.json": "082beb2d1a53976c7c55c7fbde51271102fa033611f7fe7e653035d4307c8b47",
    "tests/fixtures/migrations/journal.legacy.json": "635ee14b6c9e2da5efcee9b074090a2b09810dfa18ec4f599dfae1b1b3c7edb2",
    "tests/fixtures/migrations/receipt.expected.json": "de8294525ae3c03ed2cca8c51611dad69ad894162bd7d240fc3e5e88e14e8b28",
    "tests/fixtures/migrations/receipt.legacy.json": "453397c20f477b45d31d10bacd9d8a1435573be6cb63c727d9e95a60ff223d2f",
    "tests/fixtures/migrations/release-manifest.expected.json": "7cb06e7ca78f1b133bc7630e20883aa15a8a24d19f7584efc7a1db391cbe850a",
    "tests/fixtures/migrations/release-manifest.legacy.json": "060b451fac6b0281618e516bd994cbfdc4ae8b962456a2e0ddcf80fc07e212eb",
    "tests/fixtures/migrations/transition.expected.json": "10aebb1ca872b04c07b18bac9d55b445845fda5af4f617bf5840c936292b9ace",
    "tests/fixtures/migrations/transition.legacy.json": "401317ba83f91e9ec7925d7a8ab06e31c155f0de0d85cdde38e797f14171d68d",
    "tests/fixtures/release-crypto/TEST_ONLY.json": "4ee8f4c5e9915fb13b1be13dbd82debd9e471b7813ebd484c1b6115b20739982",
    "tests/fixtures/release-crypto/asset-alpha.txt": "268c9daec9e5fdb520246b2556fe6e4242f417e73b7d86c1e0d3874034589718",
    "tests/fixtures/release-crypto/immutability-control.json": "1937937b8836c675dc6a2d4bea6aca855042afa95706c37d6b41a3cbea345176",
    "tests/fixtures/release-crypto/key-incident.json": "118f1fb1414010ee082f5d361655a18dba23fcaf9ee5850dbb6e5c130dec1a68",
    "tests/fixtures/release-crypto/sbom.spdx.json": "dd1702639b9176bf892a354872cd644461f5ef7321ed53cef8444273196151d9",
    "tests/installers/bootstrap-contract.test.mjs": "8acf47e3e95acafa0cda0756c56d0cbba718b94ad2d7ddec7881b640d16f3c98",
    "tests/installers/downloader.test.mjs": "6a5b6ecc91ae8175d40adc0a8db11f3856676c669b3440e6f65bf2e18139d7c7",
    "tests/installers/harness.mjs": "cf65aca8f2366836c853ee3d52fd3d18a5b42883d5e3d6a3cf19f5ce55bc9a3c",
    "tests/installers/verify-extract-security.test.mjs": "0fed6ef2c2136a989c7c47b8864a23bf9eb2eb7e09c66dd786d38e78e06750b7",
    "tests/lifecycle/cli-paths.test.mjs": "65779f008315cd8ae49c1232f1693d881f7c568b166a4803eb1fba4d6f69587c",
    "tests/lifecycle/durability-reconcile.test.mjs": "6b46c3ba144e3c0e1367998aa5a58cbe4bea5e2a3249d4de5365d892510763a4",
    "tests/lifecycle/engine-integration.test.mjs": "fa1d2d1e06893aa4850f1c269d963f81bfae45191822f4decb0d38a35a0cdad1",
    "tests/lifecycle/harness.mjs": "56d0ed863852cd5c3ded75b08520b14789b2a6515609f1be4e00704f4a39a0b8",
    "tests/lifecycle/uninstall-retention-evidence.test.mjs": "512bde02a4e9556b6fedbd3bab9231b6ef53d640096a1d9af848a65d519cff3a",
    "tests/policies/context-loader.test.mjs": "7bc8089115331a150ebb62dc77acf409250d12a761113ae4c1167a5d149423af",
    "tests/policies/dry-run.test.mjs": "d0ebeac649454ee3fd735d2cd99764e879875ef90cad8b5ac0ab0cd2fcb14093",
    "tests/policies/policies.test.mjs": "a5917f0c23cf7c009b1992009fffcf4e0958f2164439d5ae3f5eada3ff9f266d",
    "tests/policies/profile.test.mjs": "9c204aadd9d345a9bb5b13776b45c11472a05536d18ac00189268987909efbe7",
    "tests/policies/retention.test.mjs": "2e6964d5a966ca7bacfea38ab8cdf3397bc9d9e56c006f2aee1cd90247703920",
    "tests/project-update/authorization-apply.test.mjs": "a4d463b3cde072e0590a175aa96d2ca7e04e93b9877f64868703f2f609b6baf4",
    "tests/project-update/harness.mjs": "3506f78f38bd8484a24b71b1c36e34861a6322b2194455e75bc574f2f6332947",
    "tests/project-update/migration-rollback-isolation.test.mjs": "1b3a5f727c367f3aaa4948be3254edab0a2cf95836f03c2d4f9725391b943009",
    "tests/project-update/paths-snapshot-planner.test.mjs": "dc16e0db4f2e34b559960e33e0f7053e36aa46c35aa8d0c8fbe6581dbcabf2fb",
    "tests/release/helpers.mjs": "3692ad000d930d48e3c11175783adda3042a6a34c58d6f04ce18ba98eb72f40b",
    "tests/release/release-contracts.test.mjs": "3732df6018ca3b841ff937ab7ad13892abfbe62c38e577c9585176e37e146794",
    "tests/release/release-crypto.test.mjs": "7a151710e4e26677972b4220bd70261101e99bb39c91dfd45f19c73ba0ff5381",
    "tests/release/release-security.test.mjs": "128816d81e4e17ae2cfd271d0f90f0cec0aec102372d976a8ca35e6a633fece7",
    "tests/scenarios/framework-evals.test.mjs": "aa978ec486f474fb2e9424f60baf630b9f93f0480ff7d3f3e6df49f1d858f04a",
    "tests/scenarios/reports.test.mjs": "b0b8c87f68b6a877cab580a1df707eb466d5db46140a076ee7df609d4d14a8bb",
    "tests/selection/boundaries.test.mjs": "843f1f5c1e5b195cd639473fb35440043f43165bc10852888ab94e2210c36135",
    "tests/selection/fixtures/fallback-used.yaml": "da3a022428567abc7ca60b608d67540c9f8bac56697e8c256ba608bb63370aa8",
    "tests/selection/fixtures/invalid-comparison.yaml": "ac8913555a84b995080b067ca3c79e929974d8ca42f3ab27c4ca2da202a67024",
    "tests/selection/fixtures/invalid-structure.yaml": "98efbd7f07754cd6f8b124018456b5d339e253ffd1c635d8c83c4be7857b0d40",
    "tests/selection/fixtures/match.yaml": "8eda8adae2831b54ed441fc8049ead162146feb84a36e7f7ee63a154c4de8059",
    "tests/selection/fixtures/not-reported.yaml": "1124bad4a66efda9d289d441811be6080d7a37d484cf2ab1ad97a1e6a699c091",
    "tests/selection/fixtures/user-selected-alternative.yaml": "76635466ed997c7cdff21c7c5731bc8d3264a34a1be4b9541517db497c84c5d2",
    "tests/selection/independence.test.mjs": "44e6c4ebd8dc9b0f60bd7ed0d30c7fa17ea4e936e527db66c062291ad10f52fd",
    "tests/selection/manifest-reference.test.mjs": "f340382ca3c4d1beab1136d10b5754fe1b7f64b8fdd48ab21fd16423d0540a4b",
    "tests/selection/selection.test.mjs": "48de1c58ca498958ca244497cdd87e9260950a866756713a237427202dd2338d",
    "tests/skills/skills.test.mjs": "84464a54b4f34855b611c3a47af37c2000aedcd8a943912aa90b540524583249",
    "tests/workflow/runtime.test.mjs": "2dbb79a3396a2a7a6812a3d265d299d29dfbacf4c248266b7470248c69bcbf1a",
    "tests/workflow/transition.test.mjs": "078c509e3db84d2d64376d12a1b8501276592b32480e98fd370398271050719d",
    "tests/workflow/workflow.test.mjs": "a9a08c796b4177fe907df2130db52ea61cb73677ef80b7ae1c1007342e52e2fa",
    "tools/archive-local.mjs": "50fabdd7b66427cffbd3960c4ce03993717af97d873a4640ce66e03c2ec8b0af",
    "tools/archive-restore.mjs": "2616a3a3b5c91076c2e7029107d89d19866eb82f744bf77e8b5c8ca8b573026d",
    "tools/detect-duplicate-rules.mjs": "7606cfbe48a19b6b2b376d5cd7c9a8fc702b9c764a673e48180d4d84e29992c4",
    "tools/evaluate-m8-release-gate.mjs": "360e13f11e98c07aefe62785b2016caa5d9daf16cf49a1db65305d3ad6826a05",
    "tools/generate-agentic-workflow.mjs": "19f3cc5856a0c704f6fb85190cc71352bfea988503db65821ee8a425a24c2045",
    "tools/generate-compatibility.mjs": "cbbbc60bcf85a42b328ac77de413a4d6b91e59a7248310a71895a846b8a709bb",
    "tools/generate-lock.mjs": "b9df960ae89191a8d26b1c2a58ffb7b146d51f74c161d181fa97c6c8ede695a3",
    "tools/generate-m5-reports.mjs": "a6cad106f8b10d280f0453a889bf7f80419cf6a45ae29b97b1cc519d999bb4f2",
    "tools/generate-m6-project-update-report.mjs": "cb1540bb8984a7cf2abef9b47f2797754bc5e8ba4001abbaaa9c8c11fb784f9a",
    "tools/generate-m7-installers-report.mjs": "b76344c3d750dd8a18ff25631cf08cfc66cf9c9a0fcdfb3d503dbdc0c7c49379",
    "tools/generate-m8-ci-report.mjs": "65a2af9800e3f73fa0beef874a93a5a7f5acb86e32be5c8a8ab5cf214dc89ff2",
    "tools/generate-reports.mjs": "4aeefbc2ec9b371ae519728cde0dfe80ab1ca0abd087078edd4818470720e20c",
    "tools/generate-skills.mjs": "535e028e8a691837cb770acb520b63e8e3dd8a54d4d51d6851b65e99ac5393cb",
    "tools/generate-source-catalog.mjs": "a6b9d2cfc5dd005b48df8a7bd86013102487d7d3691373ccfc0eaf79960bbc7f",
    "tools/generate-spec-traceability.mjs": "0d94b279f34945af63920664b9b429c359f623eeeee898b1557cbd92efa525a7",
    "tools/installer-bootstrap.mjs": "ce6809845b01742b34e242859db8ae65618f3b3ea3ed165b2a99b8ce5ae83e62",
    "tools/lib/adapters.mjs": "60cca71898954c3f712ef9b01aa6daea44211dd01c0fc7403232b7ae08ccf688",
    "tools/lib/archive-restore.mjs": "24e65d43d334f825390a17bcacc21e5d146132ca71fa28e8aa2a7047e1dc9b4f",
    "tools/lib/archive.mjs": "62ced5934d8bd00bb730a7f1026cec9fe10252e0638a0d56ff69de80be6c6bb5",
    "tools/lib/artifacts.mjs": "1396e451583f63543ed4f6e0d6751db63a6cd3a0d6cafe35b8ee6568455cb300",
    "tools/lib/canonical-json.mjs": "b675d5f7f12d5fcd9bf15400f8c6c028421688bbe1dc909ba59c0561de5b0e25",
    "tools/lib/ci/m8-report.mjs": "4fd079ba2a8fcb64ca3ad537f49066f55481ecc85c6c7103b541f32fccbc9d76",
    "tools/lib/ci/policy.mjs": "2baa6a9c7fd755fda58276dd9e650a6af03aa16caa5609086cb21327e280299c",
    "tools/lib/compatibility.mjs": "ba654b1902ddb338fae40a7f51b597aa0536ed56994df8cc972f30d36c89d702",
    "tools/lib/context-loader.mjs": "d5a170622d1e5c8b8d2b458fadc38b3f0cdaf524622570bc96dddc34675b1a5a",
    "tools/lib/distribution.mjs": "c3898ff8b5fc1b2cade8220ce1ba76c0dd65dbca017228fd6b3fa24ae1abf575",
    "tools/lib/dry-run.mjs": "bfc0dd6fd0520ce5b471253538f211882c0f1556bf5ec16a660be3c94473ef2f",
    "tools/lib/evidence-checks.mjs": "218f8422a2a3b6d8c506ff1e87d55b94b8ee2aa2547df26853498303dbbea27d",
    "tools/lib/installation.mjs": "18233c872bca2f20769d4ff1c370b302c18b34debe1cf3db5428da8f75700032",
    "tools/lib/installer/bootstrap.mjs": "2f5a85f56ac301cae978f419e2259b1a7c823a6495f9752f129b65e0466d23e2",
    "tools/lib/installer/downloader.mjs": "1573cdeebbeefa2f719f01afe4fa49e82a3d0d88f185fc499634e38346560435",
    "tools/lib/installer/m7-report.mjs": "2c48ab3388a76d1b22348d4fa49bcfeebc93021eeb536c9a3e0a497206a77c42",
    "tools/lib/installer/staging.mjs": "f777c3fc722568b705f59453841ced6950f26daaf7e1ef56117910aa0e3ada6e",
    "tools/lib/io.mjs": "18b9121aa078ac430e03d06d6968eb83d0c7bc293323cfb25db17c4990d8d915",
    "tools/lib/lifecycle/atomic-writer.mjs": "c9abaf0a7d7d7f50f4347e503763eeaa5a0903fba4fffb42dd94209bd50226da",
    "tools/lib/lifecycle/authorization.mjs": "6ff4e57a88d8dceaa100171ae754c3a0a37a0cf890fa030e2a7baa061b26d288",
    "tools/lib/lifecycle/cli.mjs": "7aedadba43ba3fe919678d0bbd0139232fc499bd1563013cc27de69973c92571",
    "tools/lib/lifecycle/engine.mjs": "be41d445526b8896272e712d9b046ddce41bf02ad932fcfce72dc48b06364ccd",
    "tools/lib/lifecycle/event-evidence.mjs": "12ec659c3c4b25af776fc0f4952f09a6243b448665874f975ff0635e1c0bff80",
    "tools/lib/lifecycle/m5-reports.mjs": "ef092a458485f0e11fadfbcd817aadb6ed009a8566627e6e039711f4a83add94",
    "tools/lib/lifecycle/paths.mjs": "672952645abddca9273215053930e97660ddaec8348743cded8082df582a7248",
    "tools/lib/lifecycle/reconcile.mjs": "e71b028d46c6d4b01541b2622b743d2c1c65a4830fd3ad7e7993fa0020a1ccd9",
    "tools/lib/lifecycle/retention-planner.mjs": "1410acf3071a834b4bb00f10dd3a3874802a2ccb8b8f1bd88358384243e6f0fa",
    "tools/lib/lifecycle/state-store.mjs": "5092ed0cfbeb443e693054539fbfecd2372e05e8be7a435800e4d345b02dd0f9",
    "tools/lib/lifecycle/uninstall.mjs": "45d3b2f93d6469bfcfdaea3d4e9635b79297ee9ff343b90b3c2c5231384a59fc",
    "tools/lib/m2-contracts.mjs": "d1fd3f8b988851adaccc41ddff1a47ebfd7ebfbaa1cb06b7bba485d83242c5dd",
    "tools/lib/migrations.mjs": "e19cd0fed35edede16764144676c23e28d0019ec53542fffc7caa1338da03cff",
    "tools/lib/policies.mjs": "ec79ed1fc4d14e003782f10e1d2dc7a182a109a8cad22b713fdb0802d2fa5f3e",
    "tools/lib/profile.mjs": "c46ea175c3b928aff15064de16665a26d12a5c37df1a8c12f039ab878313b3b7",
    "tools/lib/project-update/authorization.mjs": "c94f94587bb2f2622a48e59dcdccc517272da5a281bc59697bbd6e18e3f7e0a0",
    "tools/lib/project-update/engine.mjs": "b0250b941769efbdf9d3fe1420e2e58f3a53790dbc8b5b910795deac18e469b0",
    "tools/lib/project-update/m6-report.mjs": "3fb46d90bf4bef9d494470f251fcf17959bf4d622d0591ab06b2eb8eb4c71b91",
    "tools/lib/project-update/migrations.mjs": "d650386be949b05d185f463b0c7cc608407f6f563ad4e39968fe8700a4c61170",
    "tools/lib/project-update/paths.mjs": "627b4b69189398e07943039187d8adb100b062c04e7ee44e99c9649d2ab953bc",
    "tools/lib/project-update/planner.mjs": "78d305c3272d9a1d86366f72e8b37cef6ed35871c9263f750c24051d2d5db53d",
    "tools/lib/project-update/reconcile.mjs": "aad31a6f54bfa2740c7bf7026dadeeb7e5200f53b74a1d88ad6f3bb9781def14",
    "tools/lib/project-update/snapshot.mjs": "864d16d2ea7a64ab14298a08b8f9c32111f0f29808d3e386f7d4ded66e4d1d78",
    "tools/lib/release-security.mjs": "77504e433ed88c9a671e7fabea333699dc24e7943cff21f948483b6f9f16b838",
    "tools/lib/release-trust.mjs": "3141ef7bf4369a39874988aaaeb57aed9df146a87099bd4e0a08e26790c23140",
    "tools/lib/release.mjs": "b001b69f59f800c96ff9861934bf8885e7772d780233af29dd5591bea0189dae",
    "tools/lib/reports.mjs": "5421d5aafee9ee7c377a75b234eae8b2082a5d1daed8fe5cb931ca4383aad633",
    "tools/lib/retention.mjs": "bdf3e60d1fcbf72da6ea7fceb91e9080ba69685c2cf8de8875c5a93b15c11bc1",
    "tools/lib/runtime.mjs": "cb268c28ae56b9c88c419e3ca570b11389f67822c3c826da65fbf3cdffa0eaa0",
    "tools/lib/schema.mjs": "d834e4fd841cbc44d7c10208ae55819c089c35d9f7d8594adb23fd79cf9b0210",
    "tools/lib/selection.mjs": "11f97d2c2852638a7ff1d349f0e45c6f0ec62a3eb730164556a5c610ba25264e",
    "tools/lib/skills.mjs": "43c7d10d6b4b8ab01803c79695d0a2ae022568e817fe6872534dd5295236af38",
    "tools/lib/source-lock.mjs": "c31e14779771bacfc928417232f0f1aaf963e1be0229470f660e5e5931dbbf9e",
    "tools/lib/sources.mjs": "5ae5ae21aa8877123d9a60f36163f4dea7f6cc9367a938673781e2268210367d",
    "tools/lib/spec-traceability.mjs": "187b041867e2d24917a544b1b45548cfc9af08091c78460cbe9b74ff6859051c",
    "tools/lib/transition.mjs": "3c67aff933663ede30ccd2fbf6081f373ea9756bfe46f1fab9efb13632c42baf",
    "tools/lib/validation-bindings.mjs": "14b88e167f907b561d53cc19ee36d9aca6c534f095547c608229873a91f05b69",
    "tools/lib/workflow.mjs": "1fb8f2b476bd74cb17d44a6cbddeaf0aace978b4141f9ba7b409eb234a145fb7",
    "tools/lifecycle-cli.mjs": "a98655e5bbd6916feccfe49f774af3affc61c7ac5ef7f97c4d4a8f84ac7b6db9",
    "tools/preflight.mjs": "3124a9d35c767ada4f246d8e1208557cc25b02e7833ac1bbd2f6aa128d519a93",
    "tools/scan-release-sensitive.mjs": "150a38cd37b697082663fb28ce92a09b75ba4df8d8896d3d1711bd7839fecd6b",
    "tools/validate-adapters.mjs": "a8a3a37bfa805ed622c04c6deb973f0fe8768c3a1985b8caff55b8c83a271a8d",
    "tools/validate-all.mjs": "9ed4523f0bbb007151e7726fc0f42208577b4540838a7e0f6079e9f6187c0c15",
    "tools/validate-application-profile.mjs": "9d70d72f57c47a932c885df9de40a8a4b87e358dd1316efc89c81dde516e407c",
    "tools/validate-artifacts.mjs": "9e4f8912eb17f6e4fc6ac347daedfe531a3168816bd7ab60350fcdd1f1e934e2",
    "tools/validate-distribution.mjs": "953eb488c6197abcd50ce471885a6e7801b7baa446d4115a258db6e98c82806c",
    "tools/validate-dry-run.mjs": "09d183e5b20bad2bb9f9181d49dc72b6e0f1bdf4bc3d09fe6838513b33b5458a",
    "tools/validate-handoff.mjs": "cc0ab75c18d8fb00fffceadea9ebb16afd3d002b94ea9987649b24026c5837f6",
    "tools/validate-m2-contracts.mjs": "352733999c708038c0b329f249307404396aa48cdb74309cd157538a56906365",
    "tools/validate-m4-release.mjs": "825d6d4e7dba73154feaecf04cf489c504fdc0907b5d4adebabe069480a701b7",
    "tools/validate-m5-lifecycle.mjs": "473c231c6ca5b16f931071681d8216e50699daea3e2d758d2165d5609d7c1d11",
    "tools/validate-m6-project-update.mjs": "c6e985320b8fe7c0d99d77676bb61a0c412a4090da9315dcd80faafb50e229cc",
    "tools/validate-m7-installers.mjs": "72d0d7da4a0ca383466fcd64cf50590e0ef36dc4f981e30f0093b30528069316",
    "tools/validate-m8-ci.mjs": "02413b72ee341aca11e5f186722551b9f6e1b0513d61c3252137559446e91a08",
    "tools/validate-policies.mjs": "4cef0de80d153d03176e40909ddbb7429ab0193ab9aa6adb743db7b92265feee",
    "tools/validate-reports.mjs": "d1f04f7a91b11f7d06e2ab5636211ec4186bf598c3e4202887bf161bbbfe9505",
    "tools/validate-retention.mjs": "64d11334c66415883b3ce29f85cd4ad59aa46be9aa21dacc7dbb218a6416ec08",
    "tools/validate-selection-boundaries.mjs": "3a1735bb993caab8b2bb8674e6abbf0c69a59a1fc04e66c09d674003888d23b3",
    "tools/validate-skills.mjs": "05b0767c0e24cd49055c5d1307c8591ebd073ae73efaea30f0a400ee3f0c98fe",
    "tools/validate-sources.mjs": "87dcfe17a70a1d76c2ae98b9eed4710fe3dd2d7298467982598509ee708f1dc4",
    "tools/validate-spec-traceability.mjs": "ddf625adbec983faabedd69dda7deb7b33bf0dce46e57dcf695c7169c3d2a104",
    "tools/validate-transition.mjs": "f971ce6a70ce66d30f002178a148847e23271cdc67c73f55bfdb0d290b169f51",
    "tools/validate-workflow.mjs": "4b53ad54c23f21d7e868cdcf9479ed9d99d0ed8b549e4849b30a326f7f610250"
  }
}
